
Microsoft Visual Studio Solution File, Format Version 12.00
# Visual Studio Version 17
VisualStudioVersion = 17.9.34607.119
MinimumVisualStudioVersion = 10.0.40219.1
Project("{2150E333-8FDC-42A3-9474-1A3956D46DE8}") = "Services", "Services", "{94341045-D39F-47EC-B9F6-83E0D95D0A68}"
EndProject
Project("{2150E333-8FDC-42A3-9474-1A3956D46DE8}") = "Catalog", "Catalog", "{D1EBFCA1-F742-458A-911F-C86C9CA3991F}"
EndProject
Project("{9A19103F-16F7-4668-BE54-9A1E7A4F7556}") = "MB.Services.Catalog", "Services\Catalog\MB.Services.Catalog\MB.Services.Catalog.csproj", "{EC504A47-68CB-497B-980C-3DD2BB53A05E}"
EndProject
Project("{2150E333-8FDC-42A3-9474-1A3956D46DE8}") = "Solution Items", "Solution Items", "{401364EA-E211-44D5-A33B-B5B3BD66B466}"
	ProjectSection(SolutionItems) = preProject
		Ports.txt = Ports.txt
	EndProjectSection
EndProject
Project("{2150E333-8FDC-42A3-9474-1A3956D46DE8}") = "Shared", "Shared", "{D97C3051-53DB-44E6-A308-1B43AAAD4B8D}"
EndProject
Project("{9A19103F-16F7-4668-BE54-9A1E7A4F7556}") = "MB.Shared", "Shared\MB.Shared\MB.Shared.csproj", "{3BBC1538-DA3B-407C-BD1C-DCBAD6D7BE71}"
EndProject
Project("{2150E333-8FDC-42A3-9474-1A3956D46DE8}") = "IdentityServer", "IdentityServer", "{CEC92EC5-13F3-47DE-9E67-C966C1EFB8D8}"
EndProject
Project("{9A19103F-16F7-4668-BE54-9A1E7A4F7556}") = "MB.IdentityServer", "IdentityServer\MB.IdentityServer\MB.IdentityServer.csproj", "{CFA03D50-0F20-47E9-BAB0-5808B8246A12}"
EndProject
Project("{2150E333-8FDC-42A3-9474-1A3956D46DE8}") = "PhotoStock", "PhotoStock", "{C587E618-3EAB-4943-9D42-0A0A7D2D310C}"
EndProject
Project("{9A19103F-16F7-4668-BE54-9A1E7A4F7556}") = "MB.Services.PhotoStock", "Services\PhotoStock\MB.Services.PhotoStock\MB.Services.PhotoStock.csproj", "{70E9455B-94C7-4901-82B8-F9AFA0B2E9BB}"
EndProject
Project("{2150E333-8FDC-42A3-9474-1A3956D46DE8}") = "Basket", "Basket", "{C4A5D141-BB02-444C-AEF9-357465942962}"
EndProject
Project("{9A19103F-16F7-4668-BE54-9A1E7A4F7556}") = "MB.Services.Basket", "Services\Basket\MB.Services.Basket\MB.Services.Basket.csproj", "{04D7E8E7-121B-488C-8E55-57F8C4EB5BA7}"
EndProject
Project("{2150E333-8FDC-42A3-9474-1A3956D46DE8}") = "Discount", "Discount", "{3E6E2E6F-4100-43C8-B679-AAB5C35BA5F5}"
EndProject
Project("{FAE04EC0-301F-11D3-BF4B-00C04F79EFBC}") = "MB.Services.Discount", "Services\Discount\MB.Services.Discount\MB.Services.Discount.csproj", "{4942BD80-DB11-4FF6-8E2B-D72CDC2C48F4}"
EndProject
Project("{2150E333-8FDC-42A3-9474-1A3956D46DE8}") = "Payment", "Payment", "{D2A0CBF0-AEF6-433E-A752-5FEFA6B21CA2}"
EndProject
Project("{FAE04EC0-301F-11D3-BF4B-00C04F79EFBC}") = "MB.Services.Payment", "Services\Payment\MB.Services.Payment\MB.Services.Payment.csproj", "{824C8472-267C-4C4A-8A28-F9C70A636AAF}"
EndProject
Global
	GlobalSection(SolutionConfigurationPlatforms) = preSolution
		Debug|Any CPU = Debug|Any CPU
		Release|Any CPU = Release|Any CPU
	EndGlobalSection
	GlobalSection(ProjectConfigurationPlatforms) = postSolution
		{EC504A47-68CB-497B-980C-3DD2BB53A05E}.Debug|Any CPU.ActiveCfg = Debug|Any CPU
		{EC504A47-68CB-497B-980C-3DD2BB53A05E}.Debug|Any CPU.Build.0 = Debug|Any CPU
		{EC504A47-68CB-497B-980C-3DD2BB53A05E}.Release|Any CPU.ActiveCfg = Release|Any CPU
		{EC504A47-68CB-497B-980C-3DD2BB53A05E}.Release|Any CPU.Build.0 = Release|Any CPU
		{3BBC1538-DA3B-407C-BD1C-DCBAD6D7BE71}.Debug|Any CPU.ActiveCfg = Debug|Any CPU
		{3BBC1538-DA3B-407C-BD1C-DCBAD6D7BE71}.Debug|Any CPU.Build.0 = Debug|Any CPU
		{3BBC1538-DA3B-407C-BD1C-DCBAD6D7BE71}.Release|Any CPU.ActiveCfg = Release|Any CPU
		{3BBC1538-DA3B-407C-BD1C-DCBAD6D7BE71}.Release|Any CPU.Build.0 = Release|Any CPU
		{CFA03D50-0F20-47E9-BAB0-5808B8246A12}.Debug|Any CPU.ActiveCfg = Debug|Any CPU
		{CFA03D50-0F20-47E9-BAB0-5808B8246A12}.Debug|Any CPU.Build.0 = Debug|Any CPU
		{CFA03D50-0F20-47E9-BAB0-5808B8246A12}.Release|Any CPU.ActiveCfg = Release|Any CPU
		{CFA03D50-0F20-47E9-BAB0-5808B8246A12}.Release|Any CPU.Build.0 = Release|Any CPU
		{70E9455B-94C7-4901-82B8-F9AFA0B2E9BB}.Debug|Any CPU.ActiveCfg = Debug|Any CPU
		{70E9455B-94C7-4901-82B8-F9AFA0B2E9BB}.Debug|Any CPU.Build.0 = Debug|Any CPU
		{70E9455B-94C7-4901-82B8-F9AFA0B2E9BB}.Release|Any CPU.ActiveCfg = Release|Any CPU
		{70E9455B-94C7-4901-82B8-F9AFA0B2E9BB}.Release|Any CPU.Build.0 = Release|Any CPU
		{04D7E8E7-121B-488C-8E55-57F8C4EB5BA7}.Debug|Any CPU.ActiveCfg = Debug|Any CPU
		{04D7E8E7-121B-488C-8E55-57F8C4EB5BA7}.Debug|Any CPU.Build.0 = Debug|Any CPU
		{04D7E8E7-121B-488C-8E55-57F8C4EB5BA7}.Release|Any CPU.ActiveCfg = Release|Any CPU
		{04D7E8E7-121B-488C-8E55-57F8C4EB5BA7}.Release|Any CPU.Build.0 = Release|Any CPU
		{4942BD80-DB11-4FF6-8E2B-D72CDC2C48F4}.Debug|Any CPU.ActiveCfg = Debug|Any CPU
		{4942BD80-DB11-4FF6-8E2B-D72CDC2C48F4}.Debug|Any CPU.Build.0 = Debug|Any CPU
		{4942BD80-DB11-4FF6-8E2B-D72CDC2C48F4}.Release|Any CPU.ActiveCfg = Release|Any CPU
		{4942BD80-DB11-4FF6-8E2B-D72CDC2C48F4}.Release|Any CPU.Build.0 = Release|Any CPU
		{824C8472-267C-4C4A-8A28-F9C70A636AAF}.Debug|Any CPU.ActiveCfg = Debug|Any CPU
		{824C8472-267C-4C4A-8A28-F9C70A636AAF}.Debug|Any CPU.Build.0 = Debug|Any CPU
		{824C8472-267C-4C4A-8A28-F9C70A636AAF}.Release|Any CPU.ActiveCfg = Release|Any CPU
		{824C8472-267C-4C4A-8A28-F9C70A636AAF}.Release|Any CPU.Build.0 = Release|Any CPU
	EndGlobalSection
	GlobalSection(SolutionProperties) = preSolution
		HideSolutionNode = FALSE
	EndGlobalSection
	GlobalSection(NestedProjects) = preSolution
		{D1EBFCA1-F742-458A-911F-C86C9CA3991F} = {94341045-D39F-47EC-B9F6-83E0D95D0A68}
		{EC504A47-68CB-497B-980C-3DD2BB53A05E} = {D1EBFCA1-F742-458A-911F-C86C9CA3991F}
		{3BBC1538-DA3B-407C-BD1C-DCBAD6D7BE71} = {D97C3051-53DB-44E6-A308-1B43AAAD4B8D}
		{CFA03D50-0F20-47E9-BAB0-5808B8246A12} = {CEC92EC5-13F3-47DE-9E67-C966C1EFB8D8}
		{C587E618-3EAB-4943-9D42-0A0A7D2D310C} = {94341045-D39F-47EC-B9F6-83E0D95D0A68}
		{70E9455B-94C7-4901-82B8-F9AFA0B2E9BB} = {C587E618-3EAB-4943-9D42-0A0A7D2D310C}
		{C4A5D141-BB02-444C-AEF9-357465942962} = {94341045-D39F-47EC-B9F6-83E0D95D0A68}
		{04D7E8E7-121B-488C-8E55-57F8C4EB5BA7} = {C4A5D141-BB02-444C-AEF9-357465942962}
		{3E6E2E6F-4100-43C8-B679-AAB5C35BA5F5} = {94341045-D39F-47EC-B9F6-83E0D95D0A68}
		{4942BD80-DB11-4FF6-8E2B-D72CDC2C48F4} = {3E6E2E6F-4100-43C8-B679-AAB5C35BA5F5}
		{D2A0CBF0-AEF6-433E-A752-5FEFA6B21CA2} = {94341045-D39F-47EC-B9F6-83E0D95D0A68}
		{824C8472-267C-4C4A-8A28-F9C70A636AAF} = {D2A0CBF0-AEF6-433E-A752-5FEFA6B21CA2}
	EndGlobalSection
	GlobalSection(ExtensibilityGlobals) = postSolution
		SolutionGuid = {8DBAFCCD-14E6-45BA-8BC6-188130BCE3DB}
	EndGlobalSection
EndGlobal
